
Microsoft Visual Studio Solution File, Format Version 12.00
# Visual Studio Version 17
VisualStudioVersion = 17.8.34322.80
MinimumVisualStudioVersion = 10.0.40219.1
Project("{FAE04EC0-301F-11D3-BF4B-00C04F79EFBC}") = "Tokenizer&VerifierCombo", "Tokenizer&VerifierCombo\Tokenizer&VerifierCombo.csproj", "{532F5A06-FD16-43EF-BA78-A8AA1B605EBB}"
EndProject
Global
	GlobalSection(SolutionConfigurationPlatforms) = preSolution
		Debug|Any CPU = Debug|Any CPU
		Release|Any CPU = Release|Any CPU
	EndGlobalSection
	GlobalSection(ProjectConfigurationPlatforms) = postSolution
		{532F5A06-FD16-43EF-BA78-A8AA1B605EBB}.Debug|Any CPU.ActiveCfg = Debug|Any CPU
		{532F5A06-FD16-43EF-BA78-A8AA1B605EBB}.Debug|Any CPU.Build.0 = Debug|Any CPU
		{532F5A06-FD16-43EF-BA78-A8AA1B605EBB}.Release|Any CPU.ActiveCfg = Release|Any CPU
		{532F5A06-FD16-43EF-BA78-A8AA1B605EBB}.Release|Any CPU.Build.0 = Release|Any CPU
	EndGlobalSection
	GlobalSection(SolutionProperties) = preSolution
		HideSolutionNode = FALSE
	EndGlobalSection
	GlobalSection(ExtensibilityGlobals) = postSolution
		SolutionGuid = {6F9941DC-15E3-4C2B-BB85-F22A85754BD4}
	EndGlobalSection
EndGlobal
